
Microsoft Visual Studio Solution File, Format Version 12.00
# Visual Studio Version 16
VisualStudioVersion = 16.0.31313.79
MinimumVisualStudioVersion = 10.0.40219.1
Project("{9A19103F-16F7-4668-BE54-9A1E7A4F7556}") = "ToDoList", "ToDoList.csproj", "{3996A5BC-5FC2-4C3C-B0A5-4D773803F537}"
EndProject
Global
	GlobalSection(SolutionConfigurationPlatforms) = preSolution
		Debug|Any CPU = Debug|Any CPU
		Release|Any CPU = Release|Any CPU
	EndGlobalSection
	GlobalSection(ProjectConfigurationPlatforms) = postSolution
		{3996A5BC-5FC2-4C3C-B0A5-4D773803F537}.Debug|Any CPU.ActiveCfg = Debug|Any CPU
		{3996A5BC-5FC2-4C3C-B0A5-4D773803F537}.Debug|Any CPU.Build.0 = Debug|Any CPU
		{3996A5BC-5FC2-4C3C-B0A5-4D773803F537}.Release|Any CPU.ActiveCfg = Release|Any CPU
		{3996A5BC-5FC2-4C3C-B0A5-4D773803F537}.Release|Any CPU.Build.0 = Release|Any CPU
	EndGlobalSection
	GlobalSection(SolutionProperties) = preSolution
		HideSolutionNode = FALSE
	EndGlobalSection
	GlobalSection(ExtensibilityGlobals) = postSolution
		SolutionGuid = {493873DF-BABF-4003-81DD-71D6D60912DC}
	EndGlobalSection
EndGlobal
